
Microsoft Visual Studio Solution File, Format Version 12.00
# Visual Studio Version 16
VisualStudioVersion = 16.0.30225.117
MinimumVisualStudioVersion = 10.0.40219.1
Project("{FAE04EC0-301F-11D3-BF4B-00C04F79EFBC}") = "Rec.BL", "Rec.BL\Rec.BL.csproj", "{084D4415-E650-4E8C-A9BE-F6A43CDE4164}"
EndProject
Project("{FAE04EC0-301F-11D3-BF4B-00C04F79EFBC}") = "Rec.DL", "Rec.DL\Rec.DL.csproj", "{66757A30-3C74-41B7-9CD1-0F8B57565698}"
EndProject
Project("{FAE04EC0-301F-11D3-BF4B-00C04F79EFBC}") = "Rec.Windows", "Rec.Windows\Rec.Windows.csproj", "{772C5BC6-C411-4A72-963E-DE74AA7CE299}"
EndProject
Global
	GlobalSection(SolutionConfigurationPlatforms) = preSolution
		Debug|Any CPU = Debug|Any CPU
		Release|Any CPU = Release|Any CPU
	EndGlobalSection
	GlobalSection(ProjectConfigurationPlatforms) = postSolution
		{084D4415-E650-4E8C-A9BE-F6A43CDE4164}.Debug|Any CPU.ActiveCfg = Debug|Any CPU
		{084D4415-E650-4E8C-A9BE-F6A43CDE4164}.Debug|Any CPU.Build.0 = Debug|Any CPU
		{084D4415-E650-4E8C-A9BE-F6A43CDE4164}.Release|Any CPU.ActiveCfg = Release|Any CPU
		{084D4415-E650-4E8C-A9BE-F6A43CDE4164}.Release|Any CPU.Build.0 = Release|Any CPU
		{66757A30-3C74-41B7-9CD1-0F8B57565698}.Debug|Any CPU.ActiveCfg = Debug|Any CPU
		{66757A30-3C74-41B7-9CD1-0F8B57565698}.Debug|Any CPU.Build.0 = Debug|Any CPU
		{66757A30-3C74-41B7-9CD1-0F8B57565698}.Release|Any CPU.ActiveCfg = Release|Any CPU
		{66757A30-3C74-41B7-9CD1-0F8B57565698}.Release|Any CPU.Build.0 = Release|Any CPU
		{772C5BC6-C411-4A72-963E-DE74AA7CE299}.Debug|Any CPU.ActiveCfg = Debug|Any CPU
		{772C5BC6-C411-4A72-963E-DE74AA7CE299}.Debug|Any CPU.Build.0 = Debug|Any CPU
		{772C5BC6-C411-4A72-963E-DE74AA7CE299}.Release|Any CPU.ActiveCfg = Release|Any CPU
		{772C5BC6-C411-4A72-963E-DE74AA7CE299}.Release|Any CPU.Build.0 = Release|Any CPU
	EndGlobalSection
	GlobalSection(SolutionProperties) = preSolution
		HideSolutionNode = FALSE
	EndGlobalSection
	GlobalSection(ExtensibilityGlobals) = postSolution
		SolutionGuid = {3BDF3688-BA3B-4796-97BF-3EE88F657105}
	EndGlobalSection
EndGlobal
